// !$*UTF8*$!
{
	archiveVersion = 1;
	classes = {
	};
	objectVersion = 56;
	objects = {

/* Begin PBXBuildFile section */
		1602298B2B5B991100D2B6EE /* Roboto-Medium.ttf in Resources */ = {isa = PBXBuildFile; fileRef = 160229892B5B991100D2B6EE /* Roboto-Medium.ttf */; };
		1602298C2B5B991100D2B6EE /* Roboto-Bold.ttf in Resources */ = {isa = PBXBuildFile; fileRef = 1602298A2B5B991100D2B6EE /* Roboto-Bold.ttf */; };
		1689D1702B5BEB7D00C970EF /* AlertPresenter.swift in Sources */ = {isa = PBXBuildFile; fileRef = 1689D16F2B5BEB7D00C970EF /* AlertPresenter.swift */; };
		1689D1722B5BEB8D00C970EF /* AlertModel.swift in Sources */ = {isa = PBXBuildFile; fileRef = 1689D1712B5BEB8D00C970EF /* AlertModel.swift */; };
		1689D1772B5D42DE00C970EF /* NetworkClient.swift in Sources */ = {isa = PBXBuildFile; fileRef = 1689D1762B5D42DE00C970EF /* NetworkClient.swift */; };
		1689D1792B5D431C00C970EF /* NetworkClientProtocol.swift in Sources */ = {isa = PBXBuildFile; fileRef = 1689D1782B5D431C00C970EF /* NetworkClientProtocol.swift */; };
		1689D17B2B5D509900C970EF /* JokesLoaderProtocol.swift in Sources */ = {isa = PBXBuildFile; fileRef = 1689D17A2B5D509900C970EF /* JokesLoaderProtocol.swift */; };
		1689D17D2B5D50E900C970EF /* JokesLoader.swift in Sources */ = {isa = PBXBuildFile; fileRef = 1689D17C2B5D50E900C970EF /* JokesLoader.swift */; };
		1689D17F2B5D53B000C970EF /* JokeFactoryProtocol.swift in Sources */ = {isa = PBXBuildFile; fileRef = 1689D17E2B5D53B000C970EF /* JokeFactoryProtocol.swift */; };
		1689D1812B5D53D500C970EF /* JokeFactory.swift in Sources */ = {isa = PBXBuildFile; fileRef = 1689D1802B5D53D500C970EF /* JokeFactory.swift */; };
		1689D1832B5D543B00C970EF /* JokeFactoryDelegateProtocol.swift in Sources */ = {isa = PBXBuildFile; fileRef = 1689D1822B5D543B00C970EF /* JokeFactoryDelegateProtocol.swift */; };
		16D084E62B59952A00F3AC46 /* AppDelegate.swift in Sources */ = {isa = PBXBuildFile; fileRef = 16D084E52B59952A00F3AC46 /* AppDelegate.swift */; };
		16D084E82B59952A00F3AC46 /* SceneDelegate.swift in Sources */ = {isa = PBXBuildFile; fileRef = 16D084E72B59952A00F3AC46 /* SceneDelegate.swift */; };
		16D084EA2B59952A00F3AC46 /* JokeViewController.swift in Sources */ = {isa = PBXBuildFile; fileRef = 16D084E92B59952A00F3AC46 /* JokeViewController.swift */; };
		16D084ED2B59952A00F3AC46 /* Main.storyboard in Resources */ = {isa = PBXBuildFile; fileRef = 16D084EB2B59952A00F3AC46 /* Main.storyboard */; };
		16D084F22B59952C00F3AC46 /* LaunchScreen.storyboard in Resources */ = {isa = PBXBuildFile; fileRef = 16D084F02B59952C00F3AC46 /* LaunchScreen.storyboard */; };
		16D084FB2B59B03700F3AC46 /* UIColor + Extensions.swift in Sources */ = {isa = PBXBuildFile; fileRef = 16D084FA2B59B03700F3AC46 /* UIColor + Extensions.swift */; };
		16D085002B5B868500F3AC46 /* JokeModel.swift in Sources */ = {isa = PBXBuildFile; fileRef = 16D084FF2B5B868500F3AC46 /* JokeModel.swift */; };
		16D085012B5B874B00F3AC46 /* Assets.xcassets in Resources */ = {isa = PBXBuildFile; fileRef = 16D084EE2B59952C00F3AC46 /* Assets.xcassets */; };
		BF29B17A1EC24FC432C7FED4 /* Pods_Joke_Generator.framework in Frameworks */ = {isa = PBXBuildFile; fileRef = 3D2828CEEDEB8177C8289723 /* Pods_Joke_Generator.framework */; };
/* End PBXBuildFile section */

/* Begin PBXFileReference section */
		01C73FA4267E3FC728DA89EA /* Pods-Joke Generator.debug.xcconfig */ = {isa = PBXFileReference; includeInIndex = 1; lastKnownFileType = text.xcconfig; name = "Pods-Joke Generator.debug.xcconfig"; path = "Target Support Files/Pods-Joke Generator/Pods-Joke Generator.debug.xcconfig"; sourceTree = "<group>"; };
		160229892B5B991100D2B6EE /* Roboto-Medium.ttf */ = {isa = PBXFileReference; lastKnownFileType = file; path = "Roboto-Medium.ttf"; sourceTree = "<group>"; };
		1602298A2B5B991100D2B6EE /* Roboto-Bold.ttf */ = {isa = PBXFileReference; lastKnownFileType = file; path = "Roboto-Bold.ttf"; sourceTree = "<group>"; };
		1689D16F2B5BEB7D00C970EF /* AlertPresenter.swift */ = {isa = PBXFileReference; lastKnownFileType = sourcecode.swift; path = AlertPresenter.swift; sourceTree = "<group>"; };
		1689D1712B5BEB8D00C970EF /* AlertModel.swift */ = {isa = PBXFileReference; lastKnownFileType = sourcecode.swift; path = AlertModel.swift; sourceTree = "<group>"; };
		1689D1762B5D42DE00C970EF /* NetworkClient.swift */ = {isa = PBXFileReference; lastKnownFileType = sourcecode.swift; path = NetworkClient.swift; sourceTree = "<group>"; };
		1689D1782B5D431C00C970EF /* NetworkClientProtocol.swift */ = {isa = PBXFileReference; lastKnownFileType = sourcecode.swift; path = NetworkClientProtocol.swift; sourceTree = "<group>"; };
		1689D17A2B5D509900C970EF /* JokesLoaderProtocol.swift */ = {isa = PBXFileReference; lastKnownFileType = sourcecode.swift; path = JokesLoaderProtocol.swift; sourceTree = "<group>"; };
		1689D17C2B5D50E900C970EF /* JokesLoader.swift */ = {isa = PBXFileReference; lastKnownFileType = sourcecode.swift; path = JokesLoader.swift; sourceTree = "<group>"; };
		1689D17E2B5D53B000C970EF /* JokeFactoryProtocol.swift */ = {isa = PBXFileReference; lastKnownFileType = sourcecode.swift; path = JokeFactoryProtocol.swift; sourceTree = "<group>"; };
		1689D1802B5D53D500C970EF /* JokeFactory.swift */ = {isa = PBXFileReference; lastKnownFileType = sourcecode.swift; path = JokeFactory.swift; sourceTree = "<group>"; };
		1689D1822B5D543B00C970EF /* JokeFactoryDelegateProtocol.swift */ = {isa = PBXFileReference; lastKnownFileType = sourcecode.swift; path = JokeFactoryDelegateProtocol.swift; sourceTree = "<group>"; };
		16D084E22B59952A00F3AC46 /* Joke Generator.app */ = {isa = PBXFileReference; explicitFileType = wrapper.application; includeInIndex = 0; path = "Joke Generator.app"; sourceTree = BUILT_PRODUCTS_DIR; };
		16D084E52B59952A00F3AC46 /* AppDelegate.swift */ = {isa = PBXFileReference; lastKnownFileType = sourcecode.swift; path = AppDelegate.swift; sourceTree = "<group>"; };
		16D084E72B59952A00F3AC46 /* SceneDelegate.swift */ = {isa = PBXFileReference; lastKnownFileType = sourcecode.swift; path = SceneDelegate.swift; sourceTree = "<group>"; };
		16D084E92B59952A00F3AC46 /* JokeViewController.swift */ = {isa = PBXFileReference; lastKnownFileType = sourcecode.swift; path = JokeViewController.swift; sourceTree = "<group>"; };
		16D084EC2B59952A00F3AC46 /* Base */ = {isa = PBXFileReference; lastKnownFileType = file.storyboard; name = Base; path = Base.lproj/Main.storyboard; sourceTree = "<group>"; };
		16D084EE2B59952C00F3AC46 /* Assets.xcassets */ = {isa = PBXFileReference; lastKnownFileType = folder.assetcatalog; path = Assets.xcassets; sourceTree = "<group>"; };
		16D084F12B59952C00F3AC46 /* Base */ = {isa = PBXFileReference; lastKnownFileType = file.storyboard; name = Base; path = Base.lproj/LaunchScreen.storyboard; sourceTree = "<group>"; };
		16D084F32B59952C00F3AC46 /* Info.plist */ = {isa = PBXFileReference; lastKnownFileType = text.plist.xml; path = Info.plist; sourceTree = "<group>"; };
		16D084FA2B59B03700F3AC46 /* UIColor + Extensions.swift */ = {isa = PBXFileReference; lastKnownFileType = sourcecode.swift; path = "UIColor + Extensions.swift"; sourceTree = "<group>"; };
		16D084FF2B5B868500F3AC46 /* JokeModel.swift */ = {isa = PBXFileReference; lastKnownFileType = sourcecode.swift; path = JokeModel.swift; sourceTree = "<group>"; };
		3D2828CEEDEB8177C8289723 /* Pods_Joke_Generator.framework */ = {isa = PBXFileReference; explicitFileType = wrapper.framework; includeInIndex = 0; path = Pods_Joke_Generator.framework; sourceTree = BUILT_PRODUCTS_DIR; };
		EB16486BE761790DE8DE9447 /* Pods-Joke Generator.release.xcconfig */ = {isa = PBXFileReference; includeInIndex = 1; lastKnownFileType = text.xcconfig; name = "Pods-Joke Generator.release.xcconfig"; path = "Target Support Files/Pods-Joke Generator/Pods-Joke Generator.release.xcconfig"; sourceTree = "<group>"; };
/* End PBXFileReference section */

/* Begin PBXFrameworksBuildPhase section */
		16D084DF2B59952A00F3AC46 /* Frameworks */ = {
			isa = PBXFrameworksBuildPhase;
			buildActionMask = 2147483647;
			files = (
				BF29B17A1EC24FC432C7FED4 /* Pods_Joke_Generator.framework in Frameworks */,
			);
			runOnlyForDeploymentPostprocessing = 0;
		};
/* End PBXFrameworksBuildPhase section */

/* Begin PBXGroup section */
		1602298D2B5B992B00D2B6EE /* Fonts */ = {
			isa = PBXGroup;
			children = (
				1602298A2B5B991100D2B6EE /* Roboto-Bold.ttf */,
				160229892B5B991100D2B6EE /* Roboto-Medium.ttf */,
			);
			path = Fonts;
			sourceTree = "<group>";
		};
		1689D16E2B5BEB4700C970EF /* Presentation */ = {
			isa = PBXGroup;
			children = (
				1689D16F2B5BEB7D00C970EF /* AlertPresenter.swift */,
			);
			path = Presentation;
			sourceTree = "<group>";
		};
		1689D1732B5D426000C970EF /* Services */ = {
			isa = PBXGroup;
			children = (
				1689D1752B5D42B700C970EF /* Implementations */,
				1689D1742B5D427900C970EF /* Protocols */,
			);
			path = Services;
			sourceTree = "<group>";
		};
		1689D1742B5D427900C970EF /* Protocols */ = {
			isa = PBXGroup;
			children = (
				1689D1782B5D431C00C970EF /* NetworkClientProtocol.swift */,
				1689D17A2B5D509900C970EF /* JokesLoaderProtocol.swift */,
				1689D17E2B5D53B000C970EF /* JokeFactoryProtocol.swift */,
			);
			path = Protocols;
			sourceTree = "<group>";
		};
		1689D1752B5D42B700C970EF /* Implementations */ = {
			isa = PBXGroup;
			children = (
				1689D1762B5D42DE00C970EF /* NetworkClient.swift */,
				1689D17C2B5D50E900C970EF /* JokesLoader.swift */,
				1689D1802B5D53D500C970EF /* JokeFactory.swift */,
			);
			path = Implementations;
			sourceTree = "<group>";
		};
		16D084D92B59952A00F3AC46 = {
			isa = PBXGroup;
			children = (
				16D084E42B59952A00F3AC46 /* Joke Generator */,
				16D084E32B59952A00F3AC46 /* Products */,
				EA36451745DD1DA07E3D4EEA /* Pods */,
				3788258426EFFE23B89F8E9C /* Frameworks */,
			);
			sourceTree = "<group>";
		};
		16D084E32B59952A00F3AC46 /* Products */ = {
			isa = PBXGroup;
			children = (
				16D084E22B59952A00F3AC46 /* Joke Generator.app */,
			);
			name = Products;
			sourceTree = "<group>";
		};
		16D084E42B59952A00F3AC46 /* Joke Generator */ = {
			isa = PBXGroup;
			children = (
				16D084E52B59952A00F3AC46 /* AppDelegate.swift */,
				16D084E72B59952A00F3AC46 /* SceneDelegate.swift */,
				1689D1732B5D426000C970EF /* Services */,
				16D084FD2B5B7F7F00F3AC46 /* Models */,
				16D084F92B59B01700F3AC46 /* Helpers */,
				1689D16E2B5BEB4700C970EF /* Presentation */,
				16D084FE2B5B831400F3AC46 /* Controllers */,
				16D084FC2B5B7F2D00F3AC46 /* Resources */,
				16D084EB2B59952A00F3AC46 /* Main.storyboard */,
			);
			path = "Joke Generator";
			sourceTree = "<group>";
		};
		16D084F92B59B01700F3AC46 /* Helpers */ = {
			isa = PBXGroup;
			children = (
				16D084FA2B59B03700F3AC46 /* UIColor + Extensions.swift */,
			);
			path = Helpers;
			sourceTree = "<group>";
		};
		16D084FC2B5B7F2D00F3AC46 /* Resources */ = {
			isa = PBXGroup;
			children = (
				1602298D2B5B992B00D2B6EE /* Fonts */,
				16D084F02B59952C00F3AC46 /* LaunchScreen.storyboard */,
				16D084EE2B59952C00F3AC46 /* Assets.xcassets */,
				16D084F32B59952C00F3AC46 /* Info.plist */,
			);
			path = Resources;
			sourceTree = "<group>";
		};
		16D084FD2B5B7F7F00F3AC46 /* Models */ = {
			isa = PBXGroup;
			children = (
				16D084FF2B5B868500F3AC46 /* JokeModel.swift */,
				1689D1712B5BEB8D00C970EF /* AlertModel.swift */,
				1689D1822B5D543B00C970EF /* JokeFactoryDelegateProtocol.swift */,
			);
			path = Models;
			sourceTree = "<group>";
		};
		16D084FE2B5B831400F3AC46 /* Controllers */ = {
			isa = PBXGroup;
			children = (
				16D084E92B59952A00F3AC46 /* JokeViewController.swift */,
			);
			path = Controllers;
			sourceTree = "<group>";
		};
		3788258426EFFE23B89F8E9C /* Frameworks */ = {
			isa = PBXGroup;
			children = (
				3D2828CEEDEB8177C8289723 /* Pods_Joke_Generator.framework */,
			);
			name = Frameworks;
			sourceTree = "<group>";
		};
		EA36451745DD1DA07E3D4EEA /* Pods */ = {
			isa = PBXGroup;
			children = (
				01C73FA4267E3FC728DA89EA /* Pods-Joke Generator.debug.xcconfig */,
				EB16486BE761790DE8DE9447 /* Pods-Joke Generator.release.xcconfig */,
			);
			path = Pods;
			sourceTree = "<group>";
		};
/* End PBXGroup section */

/* Begin PBXNativeTarget section */
		16D084E12B59952A00F3AC46 /* Joke Generator */ = {
			isa = PBXNativeTarget;
			buildConfigurationList = 16D084F62B59952C00F3AC46 /* Build configuration list for PBXNativeTarget "Joke Generator" */;
			buildPhases = (
				F448C4840F3844C516352235 /* [CP] Check Pods Manifest.lock */,
				16D084DE2B59952A00F3AC46 /* Sources */,
				16D084DF2B59952A00F3AC46 /* Frameworks */,
				16D084E02B59952A00F3AC46 /* Resources */,
				C54BBA0373C5B5AB35D906C0 /* [CP] Embed Pods Frameworks */,
			);
			buildRules = (
			);
			dependencies = (
			);
			name = "Joke Generator";
			productName = "Joke Generator";
			productReference = 16D084E22B59952A00F3AC46 /* Joke Generator.app */;
			productType = "com.apple.product-type.application";
		};
/* End PBXNativeTarget section */

/* Begin PBXProject section */
		16D084DA2B59952A00F3AC46 /* Project object */ = {
			isa = PBXProject;
			attributes = {
				BuildIndependentTargetsInParallel = 1;
				LastSwiftUpdateCheck = 1500;
				LastUpgradeCheck = 1500;
				TargetAttributes = {
					16D084E12B59952A00F3AC46 = {
						CreatedOnToolsVersion = 15.0.1;
					};
				};
			};
			buildConfigurationList = 16D084DD2B59952A00F3AC46 /* Build configuration list for PBXProject "Joke Generator" */;
			compatibilityVersion = "Xcode 14.0";
			developmentRegion = en;
			hasScannedForEncodings = 0;
			knownRegions = (
				en,
				Base,
			);
			mainGroup = 16D084D92B59952A00F3AC46;
			productRefGroup = 16D084E32B59952A00F3AC46 /* Products */;
			projectDirPath = "";
			projectRoot = "";
			targets = (
				16D084E12B59952A00F3AC46 /* Joke Generator */,
			);
		};
/* End PBXProject section */

/* Begin PBXResourcesBuildPhase section */
		16D084E02B59952A00F3AC46 /* Resources */ = {
			isa = PBXResourcesBuildPhase;
			buildActionMask = 2147483647;
			files = (
				1602298B2B5B991100D2B6EE /* Roboto-Medium.ttf in Resources */,
				16D084F22B59952C00F3AC46 /* LaunchScreen.storyboard in Resources */,
				1602298C2B5B991100D2B6EE /* Roboto-Bold.ttf in Resources */,
				16D085012B5B874B00F3AC46 /* Assets.xcassets in Resources */,
				16D084ED2B59952A00F3AC46 /* Main.storyboard in Resources */,
			);
			runOnlyForDeploymentPostprocessing = 0;
		};
/* End PBXResourcesBuildPhase section */

/* Begin PBXShellScriptBuildPhase section */
		C54BBA0373C5B5AB35D906C0 /* [CP] Embed Pods Frameworks */ = {
			isa = PBXShellScriptBuildPhase;
			buildActionMask = 2147483647;
			files = (
			);
			inputFileListPaths = (
				"${PODS_ROOT}/Target Support Files/Pods-Joke Generator/Pods-Joke Generator-frameworks-${CONFIGURATION}-input-files.xcfilelist",
			);
			name = "[CP] Embed Pods Frameworks";
			outputFileListPaths = (
				"${PODS_ROOT}/Target Support Files/Pods-Joke Generator/Pods-Joke Generator-frameworks-${CONFIGURATION}-output-files.xcfilelist",
			);
			runOnlyForDeploymentPostprocessing = 0;
			shellPath = /bin/sh;
			shellScript = "\"${PODS_ROOT}/Target Support Files/Pods-Joke Generator/Pods-Joke Generator-frameworks.sh\"\n";
			showEnvVarsInLog = 0;
		};
		F448C4840F3844C516352235 /* [CP] Check Pods Manifest.lock */ = {
			isa = PBXShellScriptBuildPhase;
			buildActionMask = 2147483647;
			files = (
			);
			inputFileListPaths = (
			);
			inputPaths = (
				"${PODS_PODFILE_DIR_PATH}/Podfile.lock",
				"${PODS_ROOT}/Manifest.lock",
			);
			name = "[CP] Check Pods Manifest.lock";
			outputFileListPaths = (
			);
			outputPaths = (
				"$(DERIVED_FILE_DIR)/Pods-Joke Generator-checkManifestLockResult.txt",
			);
			runOnlyForDeploymentPostprocessing = 0;
			shellPath = /bin/sh;
			shellScript = "diff \"${PODS_PODFILE_DIR_PATH}/Podfile.lock\" \"${PODS_ROOT}/Manifest.lock\" > /dev/null\nif [ $? != 0 ] ; then\n    # print error to STDERR\n    echo \"error: The sandbox is not in sync with the Podfile.lock. Run 'pod install' or update your CocoaPods installation.\" >&2\n    exit 1\nfi\n# This output is used by Xcode 'outputs' to avoid re-running this script phase.\necho \"SUCCESS\" > \"${SCRIPT_OUTPUT_FILE_0}\"\n";
			showEnvVarsInLog = 0;
		};
/* End PBXShellScriptBuildPhase section */

/* Begin PBXSourcesBuildPhase section */
		16D084DE2B59952A00F3AC46 /* Sources */ = {
			isa = PBXSourcesBuildPhase;
			buildActionMask = 2147483647;
			files = (
				16D084EA2B59952A00F3AC46 /* JokeViewController.swift in Sources */,
				1689D1812B5D53D500C970EF /* JokeFactory.swift in Sources */,
				16D084FB2B59B03700F3AC46 /* UIColor + Extensions.swift in Sources */,
				16D085002B5B868500F3AC46 /* JokeModel.swift in Sources */,
				1689D17D2B5D50E900C970EF /* JokesLoader.swift in Sources */,
				16D084E62B59952A00F3AC46 /* AppDelegate.swift in Sources */,
				1689D1722B5BEB8D00C970EF /* AlertModel.swift in Sources */,
				16D084E82B59952A00F3AC46 /* SceneDelegate.swift in Sources */,
				1689D17F2B5D53B000C970EF /* JokeFactoryProtocol.swift in Sources */,
				1689D1702B5BEB7D00C970EF /* AlertPresenter.swift in Sources */,
				1689D1772B5D42DE00C970EF /* NetworkClient.swift in Sources */,
				1689D1792B5D431C00C970EF /* NetworkClientProtocol.swift in Sources */,
				1689D1832B5D543B00C970EF /* JokeFactoryDelegateProtocol.swift in Sources */,
				1689D17B2B5D509900C970EF /* JokesLoaderProtocol.swift in Sources */,
			);
			runOnlyForDeploymentPostprocessing = 0;
		};
/* End PBXSourcesBuildPhase section */

/* Begin PBXVariantGroup section */
		16D084EB2B59952A00F3AC46 /* Main.storyboard */ = {
			isa = PBXVariantGroup;
			children = (
				16D084EC2B59952A00F3AC46 /* Base */,
			);
			name = Main.storyboard;
			sourceTree = "<group>";
		};
		16D084F02B59952C00F3AC46 /* LaunchScreen.storyboard */ = {
			isa = PBXVariantGroup;
			children = (
				16D084F12B59952C00F3AC46 /* Base */,
			);
			name = LaunchScreen.storyboard;
			sourceTree = "<group>";
		};
/* End PBXVariantGroup section */

/* Begin XCBuildConfiguration section */
		16D084F42B59952C00F3AC46 /* Debug */ = {
			isa = XCBuildConfiguration;
			buildSettings = {
				ALWAYS_SEARCH_USER_PATHS = NO;
				ASSETCATALOG_COMPILER_GENERATE_SWIFT_ASSET_SYMBOL_EXTENSIONS = YES;
				CLANG_ANALYZER_NONNULL = YES;
				CLANG_ANALYZER_NUMBER_OBJECT_CONVERSION = YES_AGGRESSIVE;
				CLANG_CXX_LANGUAGE_STANDARD = "gnu++20";
				CLANG_ENABLE_MODULES = YES;
				CLANG_ENABLE_OBJC_ARC = YES;
				CLANG_ENABLE_OBJC_WEAK = YES;
				CLANG_WARN_BLOCK_CAPTURE_AUTORELEASING = YES;
				CLANG_WARN_BOOL_CONVERSION = YES;
				CLANG_WARN_COMMA = YES;
				CLANG_WARN_CONSTANT_CONVERSION = YES;
				CLANG_WARN_DEPRECATED_OBJC_IMPLEMENTATIONS = YES;
				CLANG_WARN_DIRECT_OBJC_ISA_USAGE = YES_ERROR;
				CLANG_WARN_DOCUMENTATION_COMMENTS = YES;
				CLANG_WARN_EMPTY_BODY = YES;
				CLANG_WARN_ENUM_CONVERSION = YES;
				CLANG_WARN_INFINITE_RECURSION = YES;
				CLANG_WARN_INT_CONVERSION = YES;
				CLANG_WARN_NON_LITERAL_NULL_CONVERSION = YES;
				CLANG_WARN_OBJC_IMPLICIT_RETAIN_SELF = YES;
				CLANG_WARN_OBJC_LITERAL_CONVERSION = YES;
				CLANG_WARN_OBJC_ROOT_CLASS = YES_ERROR;
				CLANG_WARN_QUOTED_INCLUDE_IN_FRAMEWORK_HEADER = YES;
				CLANG_WARN_RANGE_LOOP_ANALYSIS = YES;
				CLANG_WARN_STRICT_PROTOTYPES = YES;
				CLANG_WARN_SUSPICIOUS_MOVE = YES;
				CLANG_WARN_UNGUARDED_AVAILABILITY = YES_AGGRESSIVE;
				CLANG_WARN_UNREACHABLE_CODE = YES;
				CLANG_WARN__DUPLICATE_METHOD_MATCH = YES;
				COPY_PHASE_STRIP = NO;
				DEBUG_INFORMATION_FORMAT = dwarf;
				ENABLE_STRICT_OBJC_MSGSEND = YES;
				ENABLE_TESTABILITY = YES;
				ENABLE_USER_SCRIPT_SANDBOXING = YES;
				GCC_C_LANGUAGE_STANDARD = gnu17;
				GCC_DYNAMIC_NO_PIC = NO;
				GCC_NO_COMMON_BLOCKS = YES;
				GCC_OPTIMIZATION_LEVEL = 0;
				GCC_PREPROCESSOR_DEFINITIONS = (
					"DEBUG=1",
					"$(inherited)",
				);
				GCC_WARN_64_TO_32_BIT_CONVERSION = YES;
				GCC_WARN_ABOUT_RETURN_TYPE = YES_ERROR;
				GCC_WARN_UNDECLARED_SELECTOR = YES;
				GCC_WARN_UNINITIALIZED_AUTOS = YES_AGGRESSIVE;
				GCC_WARN_UNUSED_FUNCTION = YES;
				GCC_WARN_UNUSED_VARIABLE = YES;
				IPHONEOS_DEPLOYMENT_TARGET = 13.0;
				LOCALIZATION_PREFERS_STRING_CATALOGS = YES;
				MTL_ENABLE_DEBUG_INFO = INCLUDE_SOURCE;
				MTL_FAST_MATH = YES;
				ONLY_ACTIVE_ARCH = YES;
				SDKROOT = iphoneos;
				SWIFT_ACTIVE_COMPILATION_CONDITIONS = "DEBUG $(inherited)";
				SWIFT_OPTIMIZATION_LEVEL = "-Onone";
			};
			name = Debug;
		};
		16D084F52B59952C00F3AC46 /* Release */ = {
			isa = XCBuildConfiguration;
			buildSettings = {
				ALWAYS_SEARCH_USER_PATHS = NO;
				ASSETCATALOG_COMPILER_GENERATE_SWIFT_ASSET_SYMBOL_EXTENSIONS = YES;
				CLANG_ANALYZER_NONNULL = YES;
				CLANG_ANALYZER_NUMBER_OBJECT_CONVERSION = YES_AGGRESSIVE;
				CLANG_CXX_LANGUAGE_STANDARD = "gnu++20";
				CLANG_ENABLE_MODULES = YES;
				CLANG_ENABLE_OBJC_ARC = YES;
				CLANG_ENABLE_OBJC_WEAK = YES;
				CLANG_WARN_BLOCK_CAPTURE_AUTORELEASING = YES;
				CLANG_WARN_BOOL_CONVERSION = YES;
				CLANG_WARN_COMMA = YES;
				CLANG_WARN_CONSTANT_CONVERSION = YES;
				CLANG_WARN_DEPRECATED_OBJC_IMPLEMENTATIONS = YES;
				CLANG_WARN_DIRECT_OBJC_ISA_USAGE = YES_ERROR;
				CLANG_WARN_DOCUMENTATION_COMMENTS = YES;
				CLANG_WARN_EMPTY_BODY = YES;
				CLANG_WARN_ENUM_CONVERSION = YES;
				CLANG_WARN_INFINITE_RECURSION = YES;
				CLANG_WARN_INT_CONVERSION = YES;
				CLANG_WARN_NON_LITERAL_NULL_CONVERSION = YES;
				CLANG_WARN_OBJC_IMPLICIT_RETAIN_SELF = YES;
				CLANG_WARN_OBJC_LITERAL_CONVERSION = YES;
				CLANG_WARN_OBJC_ROOT_CLASS = YES_ERROR;
				CLANG_WARN_QUOTED_INCLUDE_IN_FRAMEWORK_HEADER = YES;
				CLANG_WARN_RANGE_LOOP_ANALYSIS = YES;
				CLANG_WARN_STRICT_PROTOTYPES = YES;
				CLANG_WARN_SUSPICIOUS_MOVE = YES;
				CLANG_WARN_UNGUARDED_AVAILABILITY = YES_AGGRESSIVE;
				CLANG_WARN_UNREACHABLE_CODE = YES;
				CLANG_WARN__DUPLICATE_METHOD_MATCH = YES;
				COPY_PHASE_STRIP = NO;
				DEBUG_INFORMATION_FORMAT = "dwarf-with-dsym";
				ENABLE_NS_ASSERTIONS = NO;
				ENABLE_STRICT_OBJC_MSGSEND = YES;
				ENABLE_USER_SCRIPT_SANDBOXING = YES;
				GCC_C_LANGUAGE_STANDARD = gnu17;
				GCC_NO_COMMON_BLOCKS = YES;
				GCC_WARN_64_TO_32_BIT_CONVERSION = YES;
				GCC_WARN_ABOUT_RETURN_TYPE = YES_ERROR;
				GCC_WARN_UNDECLARED_SELECTOR = YES;
				GCC_WARN_UNINITIALIZED_AUTOS = YES_AGGRESSIVE;
				GCC_WARN_UNUSED_FUNCTION = YES;
				GCC_WARN_UNUSED_VARIABLE = YES;
				IPHONEOS_DEPLOYMENT_TARGET = 13.0;
				LOCALIZATION_PREFERS_STRING_CATALOGS = YES;
				MTL_ENABLE_DEBUG_INFO = NO;
				MTL_FAST_MATH = YES;
				SDKROOT = iphoneos;
				SWIFT_COMPILATION_MODE = wholemodule;
				VALIDATE_PRODUCT = YES;
			};
			name = Release;
		};
		16D084F72B59952C00F3AC46 /* Debug */ = {
			isa = XCBuildConfiguration;
			baseConfigurationReference = 01C73FA4267E3FC728DA89EA /* Pods-Joke Generator.debug.xcconfig */;
			buildSettings = {
				ASSETCATALOG_COMPILER_APPICON_NAME = AppIcon;
				ASSETCATALOG_COMPILER_GLOBAL_ACCENT_COLOR_NAME = "";
				CODE_SIGN_STYLE = Automatic;
				CURRENT_PROJECT_VERSION = 1;
				DEVELOPMENT_ASSET_PATHS = "";
				DEVELOPMENT_TEAM = KD22N7R738;
				ENABLE_USER_SCRIPT_SANDBOXING = NO;
				GENERATE_INFOPLIST_FILE = YES;
				INFOPLIST_FILE = "Joke Generator/Resources/Info.plist";
				INFOPLIST_KEY_UIApplicationSupportsIndirectInputEvents = YES;
				INFOPLIST_KEY_UILaunchStoryboardName = LaunchScreen.storyboard;
				INFOPLIST_KEY_UIMainStoryboardFile = Main;
				INFOPLIST_KEY_UIStatusBarStyle = "";
				INFOPLIST_KEY_UISupportedInterfaceOrientations = UIInterfaceOrientationPortrait;
				INFOPLIST_KEY_UISupportedInterfaceOrientations_iPad = "UIInterfaceOrientationLandscapeLeft UIInterfaceOrientationLandscapeRight UIInterfaceOrientationPortrait UIInterfaceOrientationPortraitUpsideDown";
				IPHONEOS_DEPLOYMENT_TARGET = 13.0;
				LD_RUNPATH_SEARCH_PATHS = (
					"$(inherited)",
					"@executable_path/Frameworks",
				);
				MARKETING_VERSION = 1.0;
				PRODUCT_BUNDLE_IDENTIFIER = "Pleshakov-Alexander.Joke-Generator";
				PRODUCT_NAME = "$(TARGET_NAME)";
				SWIFT_EMIT_LOC_STRINGS = YES;
				SWIFT_VERSION = 5.0;
				TARGETED_DEVICE_FAMILY = "1,2";
			};
			name = Debug;
		};
		16D084F82B59952C00F3AC46 /* Release */ = {
			isa = XCBuildConfiguration;
			baseConfigurationReference = EB16486BE761790DE8DE9447 /* Pods-Joke Generator.release.xcconfig */;
			buildSettings = {
				ASSETCATALOG_COMPILER_APPICON_NAME = AppIcon;
				ASSETCATALOG_COMPILER_GLOBAL_ACCENT_COLOR_NAME = "";
				CODE_SIGN_STYLE = Automatic;
				CURRENT_PROJECT_VERSION = 1;
				DEVELOPMENT_ASSET_PATHS = "";
				DEVELOPMENT_TEAM = KD22N7R738;
				ENABLE_USER_SCRIPT_SANDBOXING = NO;
				GENERATE_INFOPLIST_FILE = YES;
				INFOPLIST_FILE = "Joke Generator/Resources/Info.plist";
				INFOPLIST_KEY_UIApplicationSupportsIndirectInputEvents = YES;
				INFOPLIST_KEY_UILaunchStoryboardName = LaunchScreen.storyboard;
				INFOPLIST_KEY_UIMainStoryboardFile = Main;
				INFOPLIST_KEY_UIStatusBarStyle = "";
				INFOPLIST_KEY_UISupportedInterfaceOrientations = UIInterfaceOrientationPortrait;
				INFOPLIST_KEY_UISupportedInterfaceOrientations_iPad = "UIInterfaceOrientationLandscapeLeft UIInterfaceOrientationLandscapeRight UIInterfaceOrientationPortrait UIInterfaceOrientationPortraitUpsideDown";
				IPHONEOS_DEPLOYMENT_TARGET = 13.0;
				LD_RUNPATH_SEARCH_PATHS = (
					"$(inherited)",
					"@executable_path/Frameworks",
				);
				MARKETING_VERSION = 1.0;
				PRODUCT_BUNDLE_IDENTIFIER = "Pleshakov-Alexander.Joke-Generator";
				PRODUCT_NAME = "$(TARGET_NAME)";
				SWIFT_EMIT_LOC_STRINGS = YES;
				SWIFT_VERSION = 5.0;
				TARGETED_DEVICE_FAMILY = "1,2";
			};
			name = Release;
		};
/* End XCBuildConfiguration section */

/* Begin XCConfigurationList section */
		16D084DD2B59952A00F3AC46 /* Build configuration list for PBXProject "Joke Generator" */ = {
			isa = XCConfigurationList;
			buildConfigurations = (
				16D084F42B59952C00F3AC46 /* Debug */,
				16D084F52B59952C00F3AC46 /* Release */,
			);
			defaultConfigurationIsVisible = 0;
			defaultConfigurationName = Release;
		};
		16D084F62B59952C00F3AC46 /* Build configuration list for PBXNativeTarget "Joke Generator" */ = {
			isa = XCConfigurationList;
			buildConfigurations = (
				16D084F72B59952C00F3AC46 /* Debug */,
				16D084F82B59952C00F3AC46 /* Release */,
			);
			defaultConfigurationIsVisible = 0;
			defaultConfigurationName = Release;
		};
/* End XCConfigurationList section */
	};
	rootObject = 16D084DA2B59952A00F3AC46 /* Project object */;
}
